
Microsoft Visual Studio Solution File, Format Version 12.00
Project("{FAE04EC0-301F-11D3-BF4B-00C04F79EFBC}") = "Conditionals", "Conditionals\Conditionals.csproj", "{51821A06-F9BC-417A-A44F-4B6F54742F46}"
EndProject
Project("{FAE04EC0-301F-11D3-BF4B-00C04F79EFBC}") = "PizzaShop", "PizzaShop\PizzaShop.csproj", "{E94925A0-2E7B-479B-8F08-845B5DCE0D67}"
EndProject
Project("{FAE04EC0-301F-11D3-BF4B-00C04F79EFBC}") = "ParkingSensors", "ParkingSensors\ParkingSensors.csproj", "{F7ED6233-C4B3-43BF-A5C2-BD05D17869AB}"
EndProject
Project("{FAE04EC0-301F-11D3-BF4B-00C04F79EFBC}") = "CinemaApp", "CinemaApp\CinemaApp.csproj", "{7FA44EAB-A0B2-4C08-B016-32DD7384AE90}"
EndProject
Project("{FAE04EC0-301F-11D3-BF4B-00C04F79EFBC}") = "IncomeTaxCalculator", "IncomeTaxCalculator\IncomeTaxCalculator.csproj", "{A682F96C-27C5-48D1-A843-CBC99FCF9E3E}"
EndProject
Project("{FAE04EC0-301F-11D3-BF4B-00C04F79EFBC}") = "PostageCalculator", "PostageCalculator\PostageCalculator.csproj", "{3F99E021-2B2F-4287-8C47-5F0455BCB6C5}"
EndProject
Global
	GlobalSection(SolutionConfigurationPlatforms) = preSolution
		Debug|Any CPU = Debug|Any CPU
		Release|Any CPU = Release|Any CPU
	EndGlobalSection
	GlobalSection(ProjectConfigurationPlatforms) = postSolution
		{51821A06-F9BC-417A-A44F-4B6F54742F46}.Debug|Any CPU.ActiveCfg = Debug|Any CPU
		{51821A06-F9BC-417A-A44F-4B6F54742F46}.Debug|Any CPU.Build.0 = Debug|Any CPU
		{51821A06-F9BC-417A-A44F-4B6F54742F46}.Release|Any CPU.ActiveCfg = Release|Any CPU
		{51821A06-F9BC-417A-A44F-4B6F54742F46}.Release|Any CPU.Build.0 = Release|Any CPU
		{E94925A0-2E7B-479B-8F08-845B5DCE0D67}.Debug|Any CPU.ActiveCfg = Debug|Any CPU
		{E94925A0-2E7B-479B-8F08-845B5DCE0D67}.Debug|Any CPU.Build.0 = Debug|Any CPU
		{E94925A0-2E7B-479B-8F08-845B5DCE0D67}.Release|Any CPU.ActiveCfg = Release|Any CPU
		{E94925A0-2E7B-479B-8F08-845B5DCE0D67}.Release|Any CPU.Build.0 = Release|Any CPU
		{F7ED6233-C4B3-43BF-A5C2-BD05D17869AB}.Debug|Any CPU.ActiveCfg = Debug|Any CPU
		{F7ED6233-C4B3-43BF-A5C2-BD05D17869AB}.Debug|Any CPU.Build.0 = Debug|Any CPU
		{F7ED6233-C4B3-43BF-A5C2-BD05D17869AB}.Release|Any CPU.ActiveCfg = Release|Any CPU
		{F7ED6233-C4B3-43BF-A5C2-BD05D17869AB}.Release|Any CPU.Build.0 = Release|Any CPU
		{7FA44EAB-A0B2-4C08-B016-32DD7384AE90}.Debug|Any CPU.ActiveCfg = Debug|Any CPU
		{7FA44EAB-A0B2-4C08-B016-32DD7384AE90}.Debug|Any CPU.Build.0 = Debug|Any CPU
		{7FA44EAB-A0B2-4C08-B016-32DD7384AE90}.Release|Any CPU.ActiveCfg = Release|Any CPU
		{7FA44EAB-A0B2-4C08-B016-32DD7384AE90}.Release|Any CPU.Build.0 = Release|Any CPU
		{A682F96C-27C5-48D1-A843-CBC99FCF9E3E}.Debug|Any CPU.ActiveCfg = Debug|Any CPU
		{A682F96C-27C5-48D1-A843-CBC99FCF9E3E}.Debug|Any CPU.Build.0 = Debug|Any CPU
		{A682F96C-27C5-48D1-A843-CBC99FCF9E3E}.Release|Any CPU.ActiveCfg = Release|Any CPU
		{A682F96C-27C5-48D1-A843-CBC99FCF9E3E}.Release|Any CPU.Build.0 = Release|Any CPU
		{3F99E021-2B2F-4287-8C47-5F0455BCB6C5}.Debug|Any CPU.ActiveCfg = Debug|Any CPU
		{3F99E021-2B2F-4287-8C47-5F0455BCB6C5}.Debug|Any CPU.Build.0 = Debug|Any CPU
		{3F99E021-2B2F-4287-8C47-5F0455BCB6C5}.Release|Any CPU.ActiveCfg = Release|Any CPU
		{3F99E021-2B2F-4287-8C47-5F0455BCB6C5}.Release|Any CPU.Build.0 = Release|Any CPU
	EndGlobalSection
EndGlobal
